
Microsoft Visual Studio Solution File, Format Version 12.00
# Visual Studio Version 16
VisualStudioVersion = 16.0.30002.166
MinimumVisualStudioVersion = 10.0.40219.1
Project("{FAE04EC0-301F-11D3-BF4B-00C04F79EFBC}") = "WinClientes", "WinClientes\WinClientes.csproj", "{66018AD8-330B-4C8B-8383-2DF72F73C101}"
EndProject
Global
	GlobalSection(SolutionConfigurationPlatforms) = preSolution
		Debug|Any CPU = Debug|Any CPU
		Release|Any CPU = Release|Any CPU
	EndGlobalSection
	GlobalSection(ProjectConfigurationPlatforms) = postSolution
		{66018AD8-330B-4C8B-8383-2DF72F73C101}.Debug|Any CPU.ActiveCfg = Debug|Any CPU
		{66018AD8-330B-4C8B-8383-2DF72F73C101}.Debug|Any CPU.Build.0 = Debug|Any CPU
		{66018AD8-330B-4C8B-8383-2DF72F73C101}.Release|Any CPU.ActiveCfg = Release|Any CPU
		{66018AD8-330B-4C8B-8383-2DF72F73C101}.Release|Any CPU.Build.0 = Release|Any CPU
	EndGlobalSection
	GlobalSection(SolutionProperties) = preSolution
		HideSolutionNode = FALSE
	EndGlobalSection
	GlobalSection(ExtensibilityGlobals) = postSolution
		SolutionGuid = {DC435B64-E946-405F-B3F7-9B476FC8D905}
	EndGlobalSection
EndGlobal
