
Microsoft Visual Studio Solution File, Format Version 12.00
# Visual Studio Version 16
VisualStudioVersion = 16.0.30002.166
MinimumVisualStudioVersion = 10.0.40219.1
Project("{FAE04EC0-301F-11D3-BF4B-00C04F79EFBC}") = "WinClientes", "WinClientes\WinClientes.csproj", "{66018AD8-330B-4C8B-8383-2DF72F73C101}"
EndProject
Project("{2150E333-8FDC-42A3-9474-1A3956D46DE8}") = "01-Presentation", "01-Presentation", "{A302FF43-8FF8-4F61-9D72-506DCA472AD3}"
EndProject
Project("{2150E333-8FDC-42A3-9474-1A3956D46DE8}") = "02-BusinessLogic", "02-BusinessLogic", "{AB8F2AE7-AF7D-49DD-B132-92C8B858A3E6}"
EndProject
Project("{2150E333-8FDC-42A3-9474-1A3956D46DE8}") = "03-DataAccess", "03-DataAccess", "{FBDB2DA1-8733-4ECF-92E9-26E040C1ED83}"
EndProject
Project("{2150E333-8FDC-42A3-9474-1A3956D46DE8}") = "04-Domain", "04-Domain", "{13F56887-95F1-402C-B527-4BF921A20B36}"
EndProject
Project("{FAE04EC0-301F-11D3-BF4B-00C04F79EFBC}") = "BusinessLogic", "BusinessLogic\BusinessLogic.csproj", "{56D322F8-2A59-4146-BE6E-E3E56174B890}"
EndProject
Project("{FAE04EC0-301F-11D3-BF4B-00C04F79EFBC}") = "DataAccess", "DataAccess\DataAccess.csproj", "{92638348-6B3B-4336-A018-53A77643D1AF}"
EndProject
Project("{FAE04EC0-301F-11D3-BF4B-00C04F79EFBC}") = "Domain", "Domain\Domain.csproj", "{FBD001C5-1166-4493-B376-C1447902EF7B}"
EndProject
Project("{FAE04EC0-301F-11D3-BF4B-00C04F79EFBC}") = "WinProductos", "WinProductos\WinProductos.csproj", "{0E8C1AF4-278A-4ECC-B7E7-87D7A8634C13}"
EndProject
Project("{FAE04EC0-301F-11D3-BF4B-00C04F79EFBC}") = "WebApp", "WebApp\WebApp.csproj", "{CE4A4BD9-0EEA-4816-BE0A-79B2C1956480}"
EndProject
Project("{FAE04EC0-301F-11D3-BF4B-00C04F79EFBC}") = "HTMLWebApp", "HTMLWebApp\HTMLWebApp.csproj", "{C5218E38-9692-4711-9159-DA44F3CA3F61}"
EndProject
Global
	GlobalSection(SolutionConfigurationPlatforms) = preSolution
		Debug|Any CPU = Debug|Any CPU
		Release|Any CPU = Release|Any CPU
	EndGlobalSection
	GlobalSection(ProjectConfigurationPlatforms) = postSolution
		{66018AD8-330B-4C8B-8383-2DF72F73C101}.Debug|Any CPU.ActiveCfg = Debug|Any CPU
		{66018AD8-330B-4C8B-8383-2DF72F73C101}.Debug|Any CPU.Build.0 = Debug|Any CPU
		{66018AD8-330B-4C8B-8383-2DF72F73C101}.Release|Any CPU.ActiveCfg = Release|Any CPU
		{66018AD8-330B-4C8B-8383-2DF72F73C101}.Release|Any CPU.Build.0 = Release|Any CPU
		{56D322F8-2A59-4146-BE6E-E3E56174B890}.Debug|Any CPU.ActiveCfg = Debug|Any CPU
		{56D322F8-2A59-4146-BE6E-E3E56174B890}.Debug|Any CPU.Build.0 = Debug|Any CPU
		{56D322F8-2A59-4146-BE6E-E3E56174B890}.Release|Any CPU.ActiveCfg = Release|Any CPU
		{56D322F8-2A59-4146-BE6E-E3E56174B890}.Release|Any CPU.Build.0 = Release|Any CPU
		{92638348-6B3B-4336-A018-53A77643D1AF}.Debug|Any CPU.ActiveCfg = Debug|Any CPU
		{92638348-6B3B-4336-A018-53A77643D1AF}.Debug|Any CPU.Build.0 = Debug|Any CPU
		{92638348-6B3B-4336-A018-53A77643D1AF}.Release|Any CPU.ActiveCfg = Release|Any CPU
		{92638348-6B3B-4336-A018-53A77643D1AF}.Release|Any CPU.Build.0 = Release|Any CPU
		{FBD001C5-1166-4493-B376-C1447902EF7B}.Debug|Any CPU.ActiveCfg = Debug|Any CPU
		{FBD001C5-1166-4493-B376-C1447902EF7B}.Debug|Any CPU.Build.0 = Debug|Any CPU
		{FBD001C5-1166-4493-B376-C1447902EF7B}.Release|Any CPU.ActiveCfg = Release|Any CPU
		{FBD001C5-1166-4493-B376-C1447902EF7B}.Release|Any CPU.Build.0 = Release|Any CPU
		{0E8C1AF4-278A-4ECC-B7E7-87D7A8634C13}.Debug|Any CPU.ActiveCfg = Debug|Any CPU
		{0E8C1AF4-278A-4ECC-B7E7-87D7A8634C13}.Debug|Any CPU.Build.0 = Debug|Any CPU
		{0E8C1AF4-278A-4ECC-B7E7-87D7A8634C13}.Release|Any CPU.ActiveCfg = Release|Any CPU
		{0E8C1AF4-278A-4ECC-B7E7-87D7A8634C13}.Release|Any CPU.Build.0 = Release|Any CPU
		{CE4A4BD9-0EEA-4816-BE0A-79B2C1956480}.Debug|Any CPU.ActiveCfg = Debug|Any CPU
		{CE4A4BD9-0EEA-4816-BE0A-79B2C1956480}.Debug|Any CPU.Build.0 = Debug|Any CPU
		{CE4A4BD9-0EEA-4816-BE0A-79B2C1956480}.Release|Any CPU.ActiveCfg = Release|Any CPU
		{CE4A4BD9-0EEA-4816-BE0A-79B2C1956480}.Release|Any CPU.Build.0 = Release|Any CPU
		{C5218E38-9692-4711-9159-DA44F3CA3F61}.Debug|Any CPU.ActiveCfg = Debug|Any CPU
		{C5218E38-9692-4711-9159-DA44F3CA3F61}.Debug|Any CPU.Build.0 = Debug|Any CPU
		{C5218E38-9692-4711-9159-DA44F3CA3F61}.Release|Any CPU.ActiveCfg = Release|Any CPU
		{C5218E38-9692-4711-9159-DA44F3CA3F61}.Release|Any CPU.Build.0 = Release|Any CPU
	EndGlobalSection
	GlobalSection(SolutionProperties) = preSolution
		HideSolutionNode = FALSE
	EndGlobalSection
	GlobalSection(NestedProjects) = preSolution
		{66018AD8-330B-4C8B-8383-2DF72F73C101} = {A302FF43-8FF8-4F61-9D72-506DCA472AD3}
		{56D322F8-2A59-4146-BE6E-E3E56174B890} = {AB8F2AE7-AF7D-49DD-B132-92C8B858A3E6}
		{92638348-6B3B-4336-A018-53A77643D1AF} = {FBDB2DA1-8733-4ECF-92E9-26E040C1ED83}
		{FBD001C5-1166-4493-B376-C1447902EF7B} = {13F56887-95F1-402C-B527-4BF921A20B36}
		{0E8C1AF4-278A-4ECC-B7E7-87D7A8634C13} = {A302FF43-8FF8-4F61-9D72-506DCA472AD3}
		{CE4A4BD9-0EEA-4816-BE0A-79B2C1956480} = {A302FF43-8FF8-4F61-9D72-506DCA472AD3}
		{C5218E38-9692-4711-9159-DA44F3CA3F61} = {A302FF43-8FF8-4F61-9D72-506DCA472AD3}
	EndGlobalSection
	GlobalSection(ExtensibilityGlobals) = postSolution
		SolutionGuid = {DC435B64-E946-405F-B3F7-9B476FC8D905}
	EndGlobalSection
EndGlobal
